
Microsoft Visual Studio Solution File, Format Version 12.00
# Visual Studio Version 17
VisualStudioVersion = 17.4.33110.190
MinimumVisualStudioVersion = 10.0.40219.1
Project("{9A19103F-16F7-4668-BE54-9A1E7A4F7556}") = "HB.Common", "HB.Common\HB.Common.csproj", "{C66D64FD-A6EB-48C7-8739-20316EF8EB47}"
EndProject
Project("{9A19103F-16F7-4668-BE54-9A1E7A4F7556}") = "HB.Common.Tests", "HB.Common.Tests\HB.Common.Tests.csproj", "{099F622B-C7A4-4C1E-9144-D8CFCB0D69E1}"
EndProject
Project("{9A19103F-16F7-4668-BE54-9A1E7A4F7556}") = "HB.DependencyInjection", "HB.DependencyInjection\HB.DependencyInjection.csproj", "{34420B99-8D24-4ED9-BD8C-C4A8A065D20C}"
EndProject
Project("{2150E333-8FDC-42A3-9474-1A3956D46DE8}") = "Tests", "Tests", "{FAF9B09D-E07E-4A4B-B5C1-B574F95E82EB}"
EndProject
Project("{9A19103F-16F7-4668-BE54-9A1E7A4F7556}") = "HB.DependencyInjection.Tests", "HB.DependencyInjection.Tests\HB.DependencyInjection.Tests.csproj", "{42799FA6-2BDA-4978-A2E2-0663C8B8087B}"
EndProject
Project("{9A19103F-16F7-4668-BE54-9A1E7A4F7556}") = "HB.Services.Caching", "HB.Services.Caching\HB.Services.Caching.csproj", "{1E68DD5A-F04B-43FE-A3C1-0D09981C3ED2}"
EndProject
Project("{9A19103F-16F7-4668-BE54-9A1E7A4F7556}") = "HB.Services.Caching.Tests", "HB.Services.Caching.Tests\HB.Services.Caching.Tests.csproj", "{E9542FDE-6471-402A-B3EB-E233106C2B49}"
EndProject
Project("{9A19103F-16F7-4668-BE54-9A1E7A4F7556}") = "HB.Services.Security", "HB.Services.Security\HB.Services.Security.csproj", "{FF1BFA0F-FCE2-4959-81B6-DEAF503776D7}"
EndProject
Project("{9A19103F-16F7-4668-BE54-9A1E7A4F7556}") = "HB.Services.Security.Tests", "HB.Services.Security.Tests\HB.Services.Security.Tests.csproj", "{83505561-BF4C-4E61-A964-B339AF0BA592}"
EndProject
Project("{9A19103F-16F7-4668-BE54-9A1E7A4F7556}") = "HB.Code.Analysis", "HB.Code.Analysis\HB.Code.Analysis.csproj", "{2CFEB9C7-E021-48E5-9847-DA4F4B4A28E9}"
EndProject
Project("{9A19103F-16F7-4668-BE54-9A1E7A4F7556}") = "HB.Services.Logging.Tests", "HB.Services.Logging.Tests\HB.Services.Logging.Tests.csproj", "{2F73B6FD-0780-4F0E-875E-C914405BE372}"
EndProject
Project("{9A19103F-16F7-4668-BE54-9A1E7A4F7556}") = "HB.Services.Logging", "HB.Services.Logging\HB.Services.Logging.csproj", "{04D682DE-BE13-468E-ACCA-213552F60D71}"
EndProject
Project("{2150E333-8FDC-42A3-9474-1A3956D46DE8}") = ".NETF", ".NETF", "{6BD5AEDC-98EC-4C1E-A3C9-E3D76C28BDA1}"
EndProject
Project("{FAE04EC0-301F-11D3-BF4B-00C04F79EFBC}") = "HB.NETF.Services.Logging", "HB.NETF.Services.Logging\HB.NETF.Services.Logging.csproj", "{B99CA5A1-866C-44ED-826D-DF14C4DF05CE}"
EndProject
Project("{FAE04EC0-301F-11D3-BF4B-00C04F79EFBC}") = "HB.NETF.Common", "HB.NETF.Common\HB.NETF.Common.csproj", "{7A6DD6BD-D679-4AD7-94F6-4AE5189BF75A}"
EndProject
Project("{FAE04EC0-301F-11D3-BF4B-00C04F79EFBC}") = "HB.NETF.Services.Security", "HB.NETF.Services.Security\HB.NETF.Services.Security.csproj", "{884D9597-BFBB-41C0-BDCF-37D1EF0DDF3A}"
EndProject
Project("{FAE04EC0-301F-11D3-BF4B-00C04F79EFBC}") = "HB.NETF.Code.Analysis", "HB.NETF.Code.Analysis\HB.NETF.Code.Analysis.csproj", "{41C3C462-030E-45C3-8C92-48175905C624}"
EndProject
Project("{2150E333-8FDC-42A3-9474-1A3956D46DE8}") = "Tests", "Tests", "{E579B7D8-5BCB-44E7-BD36-01337B6EC335}"
EndProject
Project("{FAE04EC0-301F-11D3-BF4B-00C04F79EFBC}") = "HB.NETF.Services.Logging.Tests", "HB.NETF.Services.Logging.Tests\HB.NETF.Services.Logging.Tests.csproj", "{FE65183C-F7A2-4607-A726-F3A26E14D115}"
EndProject
Project("{FAE04EC0-301F-11D3-BF4B-00C04F79EFBC}") = "HB.NETF.Services.Security.Tests", "HB.NETF.Services.Security.Tests\HB.NETF.Services.Security.Tests.csproj", "{CDDCA547-6D92-42A0-99DE-CB9EB8B4343E}"
EndProject
Project("{FAE04EC0-301F-11D3-BF4B-00C04F79EFBC}") = "HB.NETF.Discord.NET.Toolkit", "HB.NETF.Discord.NET.Toolkit\HB.NETF.Discord.NET.Toolkit.csproj", "{35CFC0BF-8442-43CC-9F30-695E19532AEE}"
EndProject
Project("{FAE04EC0-301F-11D3-BF4B-00C04F79EFBC}") = "HB.NETF.WPF", "HB.NETF.WPF\HB.NETF.WPF.csproj", "{C77B5E3F-16F0-4BDF-993C-179B2ADFD44B}"
EndProject
Project("{FAE04EC0-301F-11D3-BF4B-00C04F79EFBC}") = "HB.NETF.VisualStudio", "HB.NETF.VisualStudio\HB.NETF.VisualStudio.csproj", "{F017E1B9-C8E3-4C09-BC41-4C6E6F8E7C98}"
EndProject
Project("{FAE04EC0-301F-11D3-BF4B-00C04F79EFBC}") = "HB.NETF.Services.Data", "HB.NETF.Services.Data\HB.NETF.Services.Data.csproj", "{029481CE-57E0-4C7F-AA97-871D3F4C0F07}"
EndProject
Project("{FAE04EC0-301F-11D3-BF4B-00C04F79EFBC}") = "HB.NETF.Services.Serialization", "HB.NETF.Services.Serialization\HB.NETF.Services.Serialization.csproj", "{802DE704-2F70-48AA-9734-CA9C0D1E2D38}"
EndProject
Project("{FAE04EC0-301F-11D3-BF4B-00C04F79EFBC}") = "HB.NETF.Services.Serialization.Tests", "HB.NETF.Services.Serialization.Tests\HB.NETF.Services.Serialization.Tests.csproj", "{6B29F6DC-2568-43E3-83E9-9E716F2F9851}"
EndProject
Project("{FAE04EC0-301F-11D3-BF4B-00C04F79EFBC}") = "HB.NETF.Services.Data.Tests", "HB.NETF.Services.Data.Tests\HB.NETF.Services.Data.Tests.csproj", "{C14277E2-C572-4903-B0F8-15582BC1A68C}"
EndProject
Project("{FAE04EC0-301F-11D3-BF4B-00C04F79EFBC}") = "HB.NETF.Discord.NET.Toolkit.Tests", "HB.NETF.Discord.NET.Toolkit.Tests\HB.NETF.Discord.NET.Toolkit.Tests.csproj", "{1B6984B7-6AC7-489D-86D7-F5BEE18D4074}"
EndProject
Project("{FAE04EC0-301F-11D3-BF4B-00C04F79EFBC}") = "HB.NETF.Common.Tests", "HB.NETF.Common.Tests\HB.NETF.Common.Tests.csproj", "{175A2AFE-E272-4653-90B8-1BFAF17F9464}"
EndProject
Project("{FAE04EC0-301F-11D3-BF4B-00C04F79EFBC}") = "HB.NETF.Package", "HB.NETF.Package\HB.NETF.Package.csproj", "{C1FFDFDC-16E1-45A0-8DCE-C015592873AD}"
EndProject
Project("{FAE04EC0-301F-11D3-BF4B-00C04F79EFBC}") = "HB.Services.Serialization", "HB.Services.Serialization\HB.Services.Serialization.csproj", "{42EEBBC1-86DA-4328-A086-2312524580C2}"
EndProject
Project("{FAE04EC0-301F-11D3-BF4B-00C04F79EFBC}") = "HB.Services.Data", "HB.Services.Data\HB.Services.Data.csproj", "{8FDDAEA4-47D1-4C04-899C-F0894737436E}"
EndProject
Global
	GlobalSection(SolutionConfigurationPlatforms) = preSolution
		Debug|Any CPU = Debug|Any CPU
		Release|Any CPU = Release|Any CPU
	EndGlobalSection
	GlobalSection(ProjectConfigurationPlatforms) = postSolution
		{C66D64FD-A6EB-48C7-8739-20316EF8EB47}.Debug|Any CPU.ActiveCfg = Debug|Any CPU
		{C66D64FD-A6EB-48C7-8739-20316EF8EB47}.Debug|Any CPU.Build.0 = Debug|Any CPU
		{C66D64FD-A6EB-48C7-8739-20316EF8EB47}.Release|Any CPU.ActiveCfg = Release|Any CPU
		{C66D64FD-A6EB-48C7-8739-20316EF8EB47}.Release|Any CPU.Build.0 = Release|Any CPU
		{099F622B-C7A4-4C1E-9144-D8CFCB0D69E1}.Debug|Any CPU.ActiveCfg = Debug|Any CPU
		{099F622B-C7A4-4C1E-9144-D8CFCB0D69E1}.Debug|Any CPU.Build.0 = Debug|Any CPU
		{099F622B-C7A4-4C1E-9144-D8CFCB0D69E1}.Release|Any CPU.ActiveCfg = Release|Any CPU
		{099F622B-C7A4-4C1E-9144-D8CFCB0D69E1}.Release|Any CPU.Build.0 = Release|Any CPU
		{34420B99-8D24-4ED9-BD8C-C4A8A065D20C}.Debug|Any CPU.ActiveCfg = Debug|Any CPU
		{34420B99-8D24-4ED9-BD8C-C4A8A065D20C}.Debug|Any CPU.Build.0 = Debug|Any CPU
		{34420B99-8D24-4ED9-BD8C-C4A8A065D20C}.Release|Any CPU.ActiveCfg = Release|Any CPU
		{34420B99-8D24-4ED9-BD8C-C4A8A065D20C}.Release|Any CPU.Build.0 = Release|Any CPU
		{42799FA6-2BDA-4978-A2E2-0663C8B8087B}.Debug|Any CPU.ActiveCfg = Debug|Any CPU
		{42799FA6-2BDA-4978-A2E2-0663C8B8087B}.Debug|Any CPU.Build.0 = Debug|Any CPU
		{42799FA6-2BDA-4978-A2E2-0663C8B8087B}.Release|Any CPU.ActiveCfg = Release|Any CPU
		{42799FA6-2BDA-4978-A2E2-0663C8B8087B}.Release|Any CPU.Build.0 = Release|Any CPU
		{1E68DD5A-F04B-43FE-A3C1-0D09981C3ED2}.Debug|Any CPU.ActiveCfg = Debug|Any CPU
		{1E68DD5A-F04B-43FE-A3C1-0D09981C3ED2}.Debug|Any CPU.Build.0 = Debug|Any CPU
		{1E68DD5A-F04B-43FE-A3C1-0D09981C3ED2}.Release|Any CPU.ActiveCfg = Release|Any CPU
		{1E68DD5A-F04B-43FE-A3C1-0D09981C3ED2}.Release|Any CPU.Build.0 = Release|Any CPU
		{E9542FDE-6471-402A-B3EB-E233106C2B49}.Debug|Any CPU.ActiveCfg = Debug|Any CPU
		{E9542FDE-6471-402A-B3EB-E233106C2B49}.Debug|Any CPU.Build.0 = Debug|Any CPU
		{E9542FDE-6471-402A-B3EB-E233106C2B49}.Release|Any CPU.ActiveCfg = Release|Any CPU
		{E9542FDE-6471-402A-B3EB-E233106C2B49}.Release|Any CPU.Build.0 = Release|Any CPU
		{FF1BFA0F-FCE2-4959-81B6-DEAF503776D7}.Debug|Any CPU.ActiveCfg = Debug|Any CPU
		{FF1BFA0F-FCE2-4959-81B6-DEAF503776D7}.Debug|Any CPU.Build.0 = Debug|Any CPU
		{FF1BFA0F-FCE2-4959-81B6-DEAF503776D7}.Release|Any CPU.ActiveCfg = Release|Any CPU
		{FF1BFA0F-FCE2-4959-81B6-DEAF503776D7}.Release|Any CPU.Build.0 = Release|Any CPU
		{83505561-BF4C-4E61-A964-B339AF0BA592}.Debug|Any CPU.ActiveCfg = Debug|Any CPU
		{83505561-BF4C-4E61-A964-B339AF0BA592}.Debug|Any CPU.Build.0 = Debug|Any CPU
		{83505561-BF4C-4E61-A964-B339AF0BA592}.Release|Any CPU.ActiveCfg = Release|Any CPU
		{83505561-BF4C-4E61-A964-B339AF0BA592}.Release|Any CPU.Build.0 = Release|Any CPU
		{2CFEB9C7-E021-48E5-9847-DA4F4B4A28E9}.Debug|Any CPU.ActiveCfg = Debug|Any CPU
		{2CFEB9C7-E021-48E5-9847-DA4F4B4A28E9}.Debug|Any CPU.Build.0 = Debug|Any CPU
		{2CFEB9C7-E021-48E5-9847-DA4F4B4A28E9}.Release|Any CPU.ActiveCfg = Release|Any CPU
		{2CFEB9C7-E021-48E5-9847-DA4F4B4A28E9}.Release|Any CPU.Build.0 = Release|Any CPU
		{2F73B6FD-0780-4F0E-875E-C914405BE372}.Debug|Any CPU.ActiveCfg = Debug|Any CPU
		{2F73B6FD-0780-4F0E-875E-C914405BE372}.Debug|Any CPU.Build.0 = Debug|Any CPU
		{2F73B6FD-0780-4F0E-875E-C914405BE372}.Release|Any CPU.ActiveCfg = Release|Any CPU
		{2F73B6FD-0780-4F0E-875E-C914405BE372}.Release|Any CPU.Build.0 = Release|Any CPU
		{04D682DE-BE13-468E-ACCA-213552F60D71}.Debug|Any CPU.ActiveCfg = Debug|Any CPU
		{04D682DE-BE13-468E-ACCA-213552F60D71}.Debug|Any CPU.Build.0 = Debug|Any CPU
		{04D682DE-BE13-468E-ACCA-213552F60D71}.Release|Any CPU.ActiveCfg = Release|Any CPU
		{04D682DE-BE13-468E-ACCA-213552F60D71}.Release|Any CPU.Build.0 = Release|Any CPU
		{B99CA5A1-866C-44ED-826D-DF14C4DF05CE}.Debug|Any CPU.ActiveCfg = Debug|Any CPU
		{B99CA5A1-866C-44ED-826D-DF14C4DF05CE}.Debug|Any CPU.Build.0 = Debug|Any CPU
		{B99CA5A1-866C-44ED-826D-DF14C4DF05CE}.Release|Any CPU.ActiveCfg = Release|Any CPU
		{B99CA5A1-866C-44ED-826D-DF14C4DF05CE}.Release|Any CPU.Build.0 = Release|Any CPU
		{7A6DD6BD-D679-4AD7-94F6-4AE5189BF75A}.Debug|Any CPU.ActiveCfg = Debug|Any CPU
		{7A6DD6BD-D679-4AD7-94F6-4AE5189BF75A}.Debug|Any CPU.Build.0 = Debug|Any CPU
		{7A6DD6BD-D679-4AD7-94F6-4AE5189BF75A}.Release|Any CPU.ActiveCfg = Release|Any CPU
		{7A6DD6BD-D679-4AD7-94F6-4AE5189BF75A}.Release|Any CPU.Build.0 = Release|Any CPU
		{884D9597-BFBB-41C0-BDCF-37D1EF0DDF3A}.Debug|Any CPU.ActiveCfg = Debug|Any CPU
		{884D9597-BFBB-41C0-BDCF-37D1EF0DDF3A}.Debug|Any CPU.Build.0 = Debug|Any CPU
		{884D9597-BFBB-41C0-BDCF-37D1EF0DDF3A}.Release|Any CPU.ActiveCfg = Release|Any CPU
		{884D9597-BFBB-41C0-BDCF-37D1EF0DDF3A}.Release|Any CPU.Build.0 = Release|Any CPU
		{41C3C462-030E-45C3-8C92-48175905C624}.Debug|Any CPU.ActiveCfg = Debug|Any CPU
		{41C3C462-030E-45C3-8C92-48175905C624}.Debug|Any CPU.Build.0 = Debug|Any CPU
		{41C3C462-030E-45C3-8C92-48175905C624}.Release|Any CPU.ActiveCfg = Release|Any CPU
		{41C3C462-030E-45C3-8C92-48175905C624}.Release|Any CPU.Build.0 = Release|Any CPU
		{FE65183C-F7A2-4607-A726-F3A26E14D115}.Debug|Any CPU.ActiveCfg = Debug|Any CPU
		{FE65183C-F7A2-4607-A726-F3A26E14D115}.Debug|Any CPU.Build.0 = Debug|Any CPU
		{FE65183C-F7A2-4607-A726-F3A26E14D115}.Release|Any CPU.ActiveCfg = Release|Any CPU
		{FE65183C-F7A2-4607-A726-F3A26E14D115}.Release|Any CPU.Build.0 = Release|Any CPU
		{CDDCA547-6D92-42A0-99DE-CB9EB8B4343E}.Debug|Any CPU.ActiveCfg = Debug|Any CPU
		{CDDCA547-6D92-42A0-99DE-CB9EB8B4343E}.Debug|Any CPU.Build.0 = Debug|Any CPU
		{CDDCA547-6D92-42A0-99DE-CB9EB8B4343E}.Release|Any CPU.ActiveCfg = Release|Any CPU
		{CDDCA547-6D92-42A0-99DE-CB9EB8B4343E}.Release|Any CPU.Build.0 = Release|Any CPU
		{35CFC0BF-8442-43CC-9F30-695E19532AEE}.Debug|Any CPU.ActiveCfg = Debug|Any CPU
		{35CFC0BF-8442-43CC-9F30-695E19532AEE}.Debug|Any CPU.Build.0 = Debug|Any CPU
		{35CFC0BF-8442-43CC-9F30-695E19532AEE}.Release|Any CPU.ActiveCfg = Release|Any CPU
		{35CFC0BF-8442-43CC-9F30-695E19532AEE}.Release|Any CPU.Build.0 = Release|Any CPU
		{C77B5E3F-16F0-4BDF-993C-179B2ADFD44B}.Debug|Any CPU.ActiveCfg = Debug|Any CPU
		{C77B5E3F-16F0-4BDF-993C-179B2ADFD44B}.Debug|Any CPU.Build.0 = Debug|Any CPU
		{C77B5E3F-16F0-4BDF-993C-179B2ADFD44B}.Release|Any CPU.ActiveCfg = Release|Any CPU
		{C77B5E3F-16F0-4BDF-993C-179B2ADFD44B}.Release|Any CPU.Build.0 = Release|Any CPU
		{F017E1B9-C8E3-4C09-BC41-4C6E6F8E7C98}.Debug|Any CPU.ActiveCfg = Debug|Any CPU
		{F017E1B9-C8E3-4C09-BC41-4C6E6F8E7C98}.Debug|Any CPU.Build.0 = Debug|Any CPU
		{F017E1B9-C8E3-4C09-BC41-4C6E6F8E7C98}.Release|Any CPU.ActiveCfg = Release|Any CPU
		{F017E1B9-C8E3-4C09-BC41-4C6E6F8E7C98}.Release|Any CPU.Build.0 = Release|Any CPU
		{029481CE-57E0-4C7F-AA97-871D3F4C0F07}.Debug|Any CPU.ActiveCfg = Debug|Any CPU
		{029481CE-57E0-4C7F-AA97-871D3F4C0F07}.Debug|Any CPU.Build.0 = Debug|Any CPU
		{029481CE-57E0-4C7F-AA97-871D3F4C0F07}.Release|Any CPU.ActiveCfg = Release|Any CPU
		{029481CE-57E0-4C7F-AA97-871D3F4C0F07}.Release|Any CPU.Build.0 = Release|Any CPU
		{802DE704-2F70-48AA-9734-CA9C0D1E2D38}.Debug|Any CPU.ActiveCfg = Debug|Any CPU
		{802DE704-2F70-48AA-9734-CA9C0D1E2D38}.Debug|Any CPU.Build.0 = Debug|Any CPU
		{802DE704-2F70-48AA-9734-CA9C0D1E2D38}.Release|Any CPU.ActiveCfg = Release|Any CPU
		{802DE704-2F70-48AA-9734-CA9C0D1E2D38}.Release|Any CPU.Build.0 = Release|Any CPU
		{6B29F6DC-2568-43E3-83E9-9E716F2F9851}.Debug|Any CPU.ActiveCfg = Debug|Any CPU
		{6B29F6DC-2568-43E3-83E9-9E716F2F9851}.Debug|Any CPU.Build.0 = Debug|Any CPU
		{6B29F6DC-2568-43E3-83E9-9E716F2F9851}.Release|Any CPU.ActiveCfg = Release|Any CPU
		{6B29F6DC-2568-43E3-83E9-9E716F2F9851}.Release|Any CPU.Build.0 = Release|Any CPU
		{C14277E2-C572-4903-B0F8-15582BC1A68C}.Debug|Any CPU.ActiveCfg = Debug|Any CPU
		{C14277E2-C572-4903-B0F8-15582BC1A68C}.Debug|Any CPU.Build.0 = Debug|Any CPU
		{C14277E2-C572-4903-B0F8-15582BC1A68C}.Release|Any CPU.ActiveCfg = Release|Any CPU
		{C14277E2-C572-4903-B0F8-15582BC1A68C}.Release|Any CPU.Build.0 = Release|Any CPU
		{1B6984B7-6AC7-489D-86D7-F5BEE18D4074}.Debug|Any CPU.ActiveCfg = Debug|Any CPU
		{1B6984B7-6AC7-489D-86D7-F5BEE18D4074}.Debug|Any CPU.Build.0 = Debug|Any CPU
		{1B6984B7-6AC7-489D-86D7-F5BEE18D4074}.Release|Any CPU.ActiveCfg = Release|Any CPU
		{1B6984B7-6AC7-489D-86D7-F5BEE18D4074}.Release|Any CPU.Build.0 = Release|Any CPU
		{175A2AFE-E272-4653-90B8-1BFAF17F9464}.Debug|Any CPU.ActiveCfg = Debug|Any CPU
		{175A2AFE-E272-4653-90B8-1BFAF17F9464}.Debug|Any CPU.Build.0 = Debug|Any CPU
		{175A2AFE-E272-4653-90B8-1BFAF17F9464}.Release|Any CPU.ActiveCfg = Release|Any CPU
		{175A2AFE-E272-4653-90B8-1BFAF17F9464}.Release|Any CPU.Build.0 = Release|Any CPU
		{C1FFDFDC-16E1-45A0-8DCE-C015592873AD}.Debug|Any CPU.ActiveCfg = Debug|Any CPU
		{C1FFDFDC-16E1-45A0-8DCE-C015592873AD}.Debug|Any CPU.Build.0 = Debug|Any CPU
		{C1FFDFDC-16E1-45A0-8DCE-C015592873AD}.Release|Any CPU.ActiveCfg = Release|Any CPU
		{C1FFDFDC-16E1-45A0-8DCE-C015592873AD}.Release|Any CPU.Build.0 = Release|Any CPU
		{42EEBBC1-86DA-4328-A086-2312524580C2}.Debug|Any CPU.ActiveCfg = Debug|Any CPU
		{42EEBBC1-86DA-4328-A086-2312524580C2}.Debug|Any CPU.Build.0 = Debug|Any CPU
		{42EEBBC1-86DA-4328-A086-2312524580C2}.Release|Any CPU.ActiveCfg = Release|Any CPU
		{42EEBBC1-86DA-4328-A086-2312524580C2}.Release|Any CPU.Build.0 = Release|Any CPU
		{8FDDAEA4-47D1-4C04-899C-F0894737436E}.Debug|Any CPU.ActiveCfg = Debug|Any CPU
		{8FDDAEA4-47D1-4C04-899C-F0894737436E}.Debug|Any CPU.Build.0 = Debug|Any CPU
		{8FDDAEA4-47D1-4C04-899C-F0894737436E}.Release|Any CPU.ActiveCfg = Release|Any CPU
		{8FDDAEA4-47D1-4C04-899C-F0894737436E}.Release|Any CPU.Build.0 = Release|Any CPU
	EndGlobalSection
	GlobalSection(SolutionProperties) = preSolution
		HideSolutionNode = FALSE
	EndGlobalSection
	GlobalSection(NestedProjects) = preSolution
		{099F622B-C7A4-4C1E-9144-D8CFCB0D69E1} = {FAF9B09D-E07E-4A4B-B5C1-B574F95E82EB}
		{42799FA6-2BDA-4978-A2E2-0663C8B8087B} = {FAF9B09D-E07E-4A4B-B5C1-B574F95E82EB}
		{E9542FDE-6471-402A-B3EB-E233106C2B49} = {FAF9B09D-E07E-4A4B-B5C1-B574F95E82EB}
		{83505561-BF4C-4E61-A964-B339AF0BA592} = {FAF9B09D-E07E-4A4B-B5C1-B574F95E82EB}
		{2F73B6FD-0780-4F0E-875E-C914405BE372} = {FAF9B09D-E07E-4A4B-B5C1-B574F95E82EB}
		{B99CA5A1-866C-44ED-826D-DF14C4DF05CE} = {6BD5AEDC-98EC-4C1E-A3C9-E3D76C28BDA1}
		{7A6DD6BD-D679-4AD7-94F6-4AE5189BF75A} = {6BD5AEDC-98EC-4C1E-A3C9-E3D76C28BDA1}
		{884D9597-BFBB-41C0-BDCF-37D1EF0DDF3A} = {6BD5AEDC-98EC-4C1E-A3C9-E3D76C28BDA1}
		{41C3C462-030E-45C3-8C92-48175905C624} = {6BD5AEDC-98EC-4C1E-A3C9-E3D76C28BDA1}
		{E579B7D8-5BCB-44E7-BD36-01337B6EC335} = {6BD5AEDC-98EC-4C1E-A3C9-E3D76C28BDA1}
		{FE65183C-F7A2-4607-A726-F3A26E14D115} = {E579B7D8-5BCB-44E7-BD36-01337B6EC335}
		{CDDCA547-6D92-42A0-99DE-CB9EB8B4343E} = {E579B7D8-5BCB-44E7-BD36-01337B6EC335}
		{35CFC0BF-8442-43CC-9F30-695E19532AEE} = {6BD5AEDC-98EC-4C1E-A3C9-E3D76C28BDA1}
		{C77B5E3F-16F0-4BDF-993C-179B2ADFD44B} = {6BD5AEDC-98EC-4C1E-A3C9-E3D76C28BDA1}
		{F017E1B9-C8E3-4C09-BC41-4C6E6F8E7C98} = {6BD5AEDC-98EC-4C1E-A3C9-E3D76C28BDA1}
		{029481CE-57E0-4C7F-AA97-871D3F4C0F07} = {6BD5AEDC-98EC-4C1E-A3C9-E3D76C28BDA1}
		{802DE704-2F70-48AA-9734-CA9C0D1E2D38} = {6BD5AEDC-98EC-4C1E-A3C9-E3D76C28BDA1}
		{6B29F6DC-2568-43E3-83E9-9E716F2F9851} = {E579B7D8-5BCB-44E7-BD36-01337B6EC335}
		{C14277E2-C572-4903-B0F8-15582BC1A68C} = {E579B7D8-5BCB-44E7-BD36-01337B6EC335}
		{1B6984B7-6AC7-489D-86D7-F5BEE18D4074} = {E579B7D8-5BCB-44E7-BD36-01337B6EC335}
		{175A2AFE-E272-4653-90B8-1BFAF17F9464} = {E579B7D8-5BCB-44E7-BD36-01337B6EC335}
		{C1FFDFDC-16E1-45A0-8DCE-C015592873AD} = {6BD5AEDC-98EC-4C1E-A3C9-E3D76C28BDA1}
	EndGlobalSection
	GlobalSection(ExtensibilityGlobals) = postSolution
		SolutionGuid = {348FD10A-BDEA-4E04-A904-E4F03D144D91}
	EndGlobalSection
EndGlobal
